// !$*UTF8*$!
{
	archiveVersion = 1;
	classes = {
	};
	objectVersion = 46;
	objects = {

/* Begin PBXBuildFile section */
		56C72E0F18A72E01002C0F0C /* Foundation.framework in Frameworks */ = {isa = PBXBuildFile; fileRef = 56C72E0E18A72E01002C0F0C /* Foundation.framework */; };
		56C72E1118A72E01002C0F0C /* CoreGraphics.framework in Frameworks */ = {isa = PBXBuildFile; fileRef = 56C72E1018A72E01002C0F0C /* CoreGraphics.framework */; };
		56C72E1318A72E01002C0F0C /* UIKit.framework in Frameworks */ = {isa = PBXBuildFile; fileRef = 56C72E1218A72E01002C0F0C /* UIKit.framework */; };
		56C72E1918A72E01002C0F0C /* InfoPlist.strings in Resources */ = {isa = PBXBuildFile; fileRef = 56C72E1718A72E01002C0F0C /* InfoPlist.strings */; };
		56C72E1B18A72E01002C0F0C /* main.m in Sources */ = {isa = PBXBuildFile; fileRef = 56C72E1A18A72E01002C0F0C /* main.m */; };
		56C72E1F18A72E01002C0F0C /* BAIDAppDelegate.m in Sources */ = {isa = PBXBuildFile; fileRef = 56C72E1E18A72E01002C0F0C /* BAIDAppDelegate.m */; };
		56C72E2218A72E01002C0F0C /* Main.storyboard in Resources */ = {isa = PBXBuildFile; fileRef = 56C72E2018A72E01002C0F0C /* Main.storyboard */; };
		56C72E2518A72E01002C0F0C /* BAIDViewController.m in Sources */ = {isa = PBXBuildFile; fileRef = 56C72E2418A72E01002C0F0C /* BAIDViewController.m */; };
		56C72E2718A72E01002C0F0C /* Images.xcassets in Resources */ = {isa = PBXBuildFile; fileRef = 56C72E2618A72E01002C0F0C /* Images.xcassets */; };
		56C72E2E18A72E01002C0F0C /* XCTest.framework in Frameworks */ = {isa = PBXBuildFile; fileRef = 56C72E2D18A72E01002C0F0C /* XCTest.framework */; };
		56C72E2F18A72E01002C0F0C /* Foundation.framework in Frameworks */ = {isa = PBXBuildFile; fileRef = 56C72E0E18A72E01002C0F0C /* Foundation.framework */; };
		56C72E3018A72E01002C0F0C /* UIKit.framework in Frameworks */ = {isa = PBXBuildFile; fileRef = 56C72E1218A72E01002C0F0C /* UIKit.framework */; };
		56C72E3818A72E01002C0F0C /* InfoPlist.strings in Resources */ = {isa = PBXBuildFile; fileRef = 56C72E3618A72E01002C0F0C /* InfoPlist.strings */; };
		56C72E3A18A72E01002C0F0C /* TwextTests.m in Sources */ = {isa = PBXBuildFile; fileRef = 56C72E3918A72E01002C0F0C /* TwextTests.m */; };
		56C72E4418A72E52002C0F0C /* Accounts.framework in Frameworks */ = {isa = PBXBuildFile; fileRef = 56C72E4318A72E52002C0F0C /* Accounts.framework */; };
		56C72E4618A72E5F002C0F0C /* Social.framework in Frameworks */ = {isa = PBXBuildFile; fileRef = 56C72E4518A72E5F002C0F0C /* Social.framework */; };
		56C72E4818A743A4002C0F0C /* Twitter.framework in Frameworks */ = {isa = PBXBuildFile; fileRef = 56C72E4718A743A4002C0F0C /* Twitter.framework */; };
		56C72E5418A777AF002C0F0C /* PowerComposeViewController.m in Sources */ = {isa = PBXBuildFile; fileRef = 56C72E5318A777AF002C0F0C /* PowerComposeViewController.m */; };
		56C72E5D18A79045002C0F0C /* SmartComposeViewController.m in Sources */ = {isa = PBXBuildFile; fileRef = 56C72E5C18A79045002C0F0C /* SmartComposeViewController.m */; };
/* End PBXBuildFile section */

/* Begin PBXContainerItemProxy section */
		56C72E3118A72E01002C0F0C /* PBXContainerItemProxy */ = {
			isa = PBXContainerItemProxy;
			containerPortal = 56C72E0318A72E01002C0F0C /* Project object */;
			proxyType = 1;
			remoteGlobalIDString = 56C72E0A18A72E01002C0F0C;
			remoteInfo = Twext;
		};
/* End PBXContainerItemProxy section */

/* Begin PBXFileReference section */
		56C72E0B18A72E01002C0F0C /* Twild.app */ = {isa = PBXFileReference; explicitFileType = wrapper.application; includeInIndex = 0; path = Twild.app; sourceTree = BUILT_PRODUCTS_DIR; };
		56C72E0E18A72E01002C0F0C /* Foundation.framework */ = {isa = PBXFileReference; lastKnownFileType = wrapper.framework; name = Foundation.framework; path = System/Library/Frameworks/Foundation.framework; sourceTree = SDKROOT; };
		56C72E1018A72E01002C0F0C /* CoreGraphics.framework */ = {isa = PBXFileReference; lastKnownFileType = wrapper.framework; name = CoreGraphics.framework; path = System/Library/Frameworks/CoreGraphics.framework; sourceTree = SDKROOT; };
		56C72E1218A72E01002C0F0C /* UIKit.framework */ = {isa = PBXFileReference; lastKnownFileType = wrapper.framework; name = UIKit.framework; path = System/Library/Frameworks/UIKit.framework; sourceTree = SDKROOT; };
		56C72E1618A72E01002C0F0C /* Twild-Info.plist */ = {isa = PBXFileReference; lastKnownFileType = text.plist.xml; path = "Twild-Info.plist"; sourceTree = "<group>"; };
		56C72E1818A72E01002C0F0C /* en */ = {isa = PBXFileReference; lastKnownFileType = text.plist.strings; name = en; path = en.lproj/InfoPlist.strings; sourceTree = "<group>"; };
		56C72E1A18A72E01002C0F0C /* main.m */ = {isa = PBXFileReference; lastKnownFileType = sourcecode.c.objc; path = main.m; sourceTree = "<group>"; };
		56C72E1C18A72E01002C0F0C /* Twild-Prefix.pch */ = {isa = PBXFileReference; lastKnownFileType = sourcecode.c.h; path = "Twild-Prefix.pch"; sourceTree = "<group>"; };
		56C72E1D18A72E01002C0F0C /* BAIDAppDelegate.h */ = {isa = PBXFileReference; lastKnownFileType = sourcecode.c.h; path = BAIDAppDelegate.h; sourceTree = "<group>"; };
		56C72E1E18A72E01002C0F0C /* BAIDAppDelegate.m */ = {isa = PBXFileReference; lastKnownFileType = sourcecode.c.objc; path = BAIDAppDelegate.m; sourceTree = "<group>"; };
		56C72E2118A72E01002C0F0C /* Base */ = {isa = PBXFileReference; lastKnownFileType = file.storyboard; name = Base; path = Base.lproj/Main.storyboard; sourceTree = "<group>"; };
		56C72E2318A72E01002C0F0C /* BAIDViewController.h */ = {isa = PBXFileReference; lastKnownFileType = sourcecode.c.h; path = BAIDViewController.h; sourceTree = "<group>"; };
		56C72E2418A72E01002C0F0C /* BAIDViewController.m */ = {isa = PBXFileReference; lastKnownFileType = sourcecode.c.objc; path = BAIDViewController.m; sourceTree = "<group>"; };
		56C72E2618A72E01002C0F0C /* Images.xcassets */ = {isa = PBXFileReference; lastKnownFileType = folder.assetcatalog; path = Images.xcassets; sourceTree = "<group>"; };
		56C72E2C18A72E01002C0F0C /* TwildTests.xctest */ = {isa = PBXFileReference; explicitFileType = wrapper.cfbundle; includeInIndex = 0; path = TwildTests.xctest; sourceTree = BUILT_PRODUCTS_DIR; };
		56C72E2D18A72E01002C0F0C /* XCTest.framework */ = {isa = PBXFileReference; lastKnownFileType = wrapper.framework; name = XCTest.framework; path = Library/Frameworks/XCTest.framework; sourceTree = DEVELOPER_DIR; };
		56C72E3518A72E01002C0F0C /* TwildTests-Info.plist */ = {isa = PBXFileReference; lastKnownFileType = text.plist.xml; path = "TwildTests-Info.plist"; sourceTree = "<group>"; };
		56C72E3718A72E01002C0F0C /* en */ = {isa = PBXFileReference; lastKnownFileType = text.plist.strings; name = en; path = en.lproj/InfoPlist.strings; sourceTree = "<group>"; };
		56C72E3918A72E01002C0F0C /* TwextTests.m */ = {isa = PBXFileReference; lastKnownFileType = sourcecode.c.objc; path = TwextTests.m; sourceTree = "<group>"; };
		56C72E4318A72E52002C0F0C /* Accounts.framework */ = {isa = PBXFileReference; lastKnownFileType = wrapper.framework; name = Accounts.framework; path = System/Library/Frameworks/Accounts.framework; sourceTree = SDKROOT; };
		56C72E4518A72E5F002C0F0C /* Social.framework */ = {isa = PBXFileReference; lastKnownFileType = wrapper.framework; name = Social.framework; path = System/Library/Frameworks/Social.framework; sourceTree = SDKROOT; };
		56C72E4718A743A4002C0F0C /* Twitter.framework */ = {isa = PBXFileReference; lastKnownFileType = wrapper.framework; name = Twitter.framework; path = System/Library/Frameworks/Twitter.framework; sourceTree = SDKROOT; };
		56C72E5218A777AF002C0F0C /* PowerComposeViewController.h */ = {isa = PBXFileReference; fileEncoding = 4; lastKnownFileType = sourcecode.c.h; name = PowerComposeViewController.h; path = ../PowerComposeViewController.h; sourceTree = "<group>"; };
		56C72E5318A777AF002C0F0C /* PowerComposeViewController.m */ = {isa = PBXFileReference; fileEncoding = 4; lastKnownFileType = sourcecode.c.objc; name = PowerComposeViewController.m; path = ../PowerComposeViewController.m; sourceTree = "<group>"; };
		56C72E5B18A79045002C0F0C /* SmartComposeViewController.h */ = {isa = PBXFileReference; fileEncoding = 4; lastKnownFileType = sourcecode.c.h; name = SmartComposeViewController.h; path = ../SmartComposeViewController.h; sourceTree = "<group>"; };
		56C72E5C18A79045002C0F0C /* SmartComposeViewController.m */ = {isa = PBXFileReference; fileEncoding = 4; lastKnownFileType = sourcecode.c.objc; name = SmartComposeViewController.m; path = ../SmartComposeViewController.m; sourceTree = "<group>"; };
/* End PBXFileReference section */

/* Begin PBXFrameworksBuildPhase section */
		56C72E0818A72E01002C0F0C /* Frameworks */ = {
			isa = PBXFrameworksBuildPhase;
			buildActionMask = 2147483647;
			files = (
				56C72E4818A743A4002C0F0C /* Twitter.framework in Frameworks */,
				56C72E4618A72E5F002C0F0C /* Social.framework in Frameworks */,
				56C72E4418A72E52002C0F0C /* Accounts.framework in Frameworks */,
				56C72E1118A72E01002C0F0C /* CoreGraphics.framework in Frameworks */,
				56C72E1318A72E01002C0F0C /* UIKit.framework in Frameworks */,
				56C72E0F18A72E01002C0F0C /* Foundation.framework in Frameworks */,
			);
			runOnlyForDeploymentPostprocessing = 0;
		};
		56C72E2918A72E01002C0F0C /* Frameworks */ = {
			isa = PBXFrameworksBuildPhase;
			buildActionMask = 2147483647;
			files = (
				56C72E2E18A72E01002C0F0C /* XCTest.framework in Frameworks */,
				56C72E3018A72E01002C0F0C /* UIKit.framework in Frameworks */,
				56C72E2F18A72E01002C0F0C /* Foundation.framework in Frameworks */,
			);
			runOnlyForDeploymentPostprocessing = 0;
		};
/* End PBXFrameworksBuildPhase section */

/* Begin PBXGroup section */
		56C72E0218A72E01002C0F0C = {
			isa = PBXGroup;
			children = (
				56C72E1418A72E01002C0F0C /* Twext */,
				56C72E3318A72E01002C0F0C /* TwextTests */,
				56C72E0D18A72E01002C0F0C /* Frameworks */,
				56C72E0C18A72E01002C0F0C /* Products */,
			);
			sourceTree = "<group>";
		};
		56C72E0C18A72E01002C0F0C /* Products */ = {
			isa = PBXGroup;
			children = (
				56C72E0B18A72E01002C0F0C /* Twild.app */,
				56C72E2C18A72E01002C0F0C /* TwildTests.xctest */,
			);
			name = Products;
			sourceTree = "<group>";
		};
		56C72E0D18A72E01002C0F0C /* Frameworks */ = {
			isa = PBXGroup;
			children = (
				56C72E4718A743A4002C0F0C /* Twitter.framework */,
				56C72E4518A72E5F002C0F0C /* Social.framework */,
				56C72E4318A72E52002C0F0C /* Accounts.framework */,
				56C72E0E18A72E01002C0F0C /* Foundation.framework */,
				56C72E1018A72E01002C0F0C /* CoreGraphics.framework */,
				56C72E1218A72E01002C0F0C /* UIKit.framework */,
				56C72E2D18A72E01002C0F0C /* XCTest.framework */,
			);
			name = Frameworks;
			sourceTree = "<group>";
		};
		56C72E1418A72E01002C0F0C /* Twext */ = {
			isa = PBXGroup;
			children = (
				56C72E5B18A79045002C0F0C /* SmartComposeViewController.h */,
				56C72E5C18A79045002C0F0C /* SmartComposeViewController.m */,
				56C72E5218A777AF002C0F0C /* PowerComposeViewController.h */,
				56C72E5318A777AF002C0F0C /* PowerComposeViewController.m */,
				56C72E1D18A72E01002C0F0C /* BAIDAppDelegate.h */,
				56C72E1E18A72E01002C0F0C /* BAIDAppDelegate.m */,
				56C72E2018A72E01002C0F0C /* Main.storyboard */,
				56C72E2318A72E01002C0F0C /* BAIDViewController.h */,
				56C72E2418A72E01002C0F0C /* BAIDViewController.m */,
				56C72E2618A72E01002C0F0C /* Images.xcassets */,
				56C72E1518A72E01002C0F0C /* Supporting Files */,
			);
			path = Twext;
			sourceTree = "<group>";
		};
		56C72E1518A72E01002C0F0C /* Supporting Files */ = {
			isa = PBXGroup;
			children = (
				56C72E1618A72E01002C0F0C /* Twild-Info.plist */,
				56C72E1718A72E01002C0F0C /* InfoPlist.strings */,
				56C72E1A18A72E01002C0F0C /* main.m */,
				56C72E1C18A72E01002C0F0C /* Twild-Prefix.pch */,
			);
			name = "Supporting Files";
			sourceTree = "<group>";
		};
		56C72E3318A72E01002C0F0C /* TwextTests */ = {
			isa = PBXGroup;
			children = (
				56C72E3918A72E01002C0F0C /* TwextTests.m */,
				56C72E3418A72E01002C0F0C /* Supporting Files */,
			);
			path = TwextTests;
			sourceTree = "<group>";
		};
		56C72E3418A72E01002C0F0C /* Supporting Files */ = {
			isa = PBXGroup;
			children = (
				56C72E3518A72E01002C0F0C /* TwildTests-Info.plist */,
				56C72E3618A72E01002C0F0C /* InfoPlist.strings */,
			);
			name = "Supporting Files";
			sourceTree = "<group>";
		};
/* End PBXGroup section */

/* Begin PBXNativeTarget section */
		56C72E0A18A72E01002C0F0C /* Twild */ = {
			isa = PBXNativeTarget;
			buildConfigurationList = 56C72E3D18A72E01002C0F0C /* Build configuration list for PBXNativeTarget "Twild" */;
			buildPhases = (
				56C72E0718A72E01002C0F0C /* Sources */,
				56C72E0818A72E01002C0F0C /* Frameworks */,
				56C72E0918A72E01002C0F0C /* Resources */,
			);
			buildRules = (
			);
			dependencies = (
			);
			name = Twild;
			productName = Twext;
			productReference = 56C72E0B18A72E01002C0F0C /* Twild.app */;
			productType = "com.apple.product-type.application";
		};
		56C72E2B18A72E01002C0F0C /* TwildTests */ = {
			isa = PBXNativeTarget;
			buildConfigurationList = 56C72E4018A72E01002C0F0C /* Build configuration list for PBXNativeTarget "TwildTests" */;
			buildPhases = (
				56C72E2818A72E01002C0F0C /* Sources */,
				56C72E2918A72E01002C0F0C /* Frameworks */,
				56C72E2A18A72E01002C0F0C /* Resources */,
			);
			buildRules = (
			);
			dependencies = (
				56C72E3218A72E01002C0F0C /* PBXTargetDependency */,
			);
			name = TwildTests;
			productName = TwextTests;
			productReference = 56C72E2C18A72E01002C0F0C /* TwildTests.xctest */;
			productType = "com.apple.product-type.bundle.unit-test";
		};
/* End PBXNativeTarget section */

/* Begin PBXProject section */
		56C72E0318A72E01002C0F0C /* Project object */ = {
			isa = PBXProject;
			attributes = {
				CLASSPREFIX = BAID;
				LastUpgradeCheck = 0500;
				ORGANIZATIONNAME = BaidApps;
				TargetAttributes = {
					56C72E2B18A72E01002C0F0C = {
						TestTargetID = 56C72E0A18A72E01002C0F0C;
					};
				};
			};
			buildConfigurationList = 56C72E0618A72E01002C0F0C /* Build configuration list for PBXProject "Twild" */;
			compatibilityVersion = "Xcode 3.2";
			developmentRegion = English;
			hasScannedForEncodings = 0;
			knownRegions = (
				en,
				Base,
			);
			mainGroup = 56C72E0218A72E01002C0F0C;
			productRefGroup = 56C72E0C18A72E01002C0F0C /* Products */;
			projectDirPath = "";
			projectRoot = "";
			targets = (
				56C72E0A18A72E01002C0F0C /* Twild */,
				56C72E2B18A72E01002C0F0C /* TwildTests */,
			);
		};
/* End PBXProject section */

/* Begin PBXResourcesBuildPhase section */
		56C72E0918A72E01002C0F0C /* Resources */ = {
			isa = PBXResourcesBuildPhase;
			buildActionMask = 2147483647;
			files = (
				56C72E2718A72E01002C0F0C /* Images.xcassets in Resources */,
				56C72E1918A72E01002C0F0C /* InfoPlist.strings in Resources */,
				56C72E2218A72E01002C0F0C /* Main.storyboard in Resources */,
			);
			runOnlyForDeploymentPostprocessing = 0;
		};
		56C72E2A18A72E01002C0F0C /* Resources */ = {
			isa = PBXResourcesBuildPhase;
			buildActionMask = 2147483647;
			files = (
				56C72E3818A72E01002C0F0C /* InfoPlist.strings in Resources */,
			);
			runOnlyForDeploymentPostprocessing = 0;
		};
/* End PBXResourcesBuildPhase section */

/* Begin PBXSourcesBuildPhase section */
		56C72E0718A72E01002C0F0C /* Sources */ = {
			isa = PBXSourcesBuildPhase;
			buildActionMask = 2147483647;
			files = (
				56C72E2518A72E01002C0F0C /* BAIDViewController.m in Sources */,
				56C72E5D18A79045002C0F0C /* SmartComposeViewController.m in Sources */,
				56C72E5418A777AF002C0F0C /* PowerComposeViewController.m in Sources */,
				56C72E1F18A72E01002C0F0C /* BAIDAppDelegate.m in Sources */,
				56C72E1B18A72E01002C0F0C /* main.m in Sources */,
			);
			runOnlyForDeploymentPostprocessing = 0;
		};
		56C72E2818A72E01002C0F0C /* Sources */ = {
			isa = PBXSourcesBuildPhase;
			buildActionMask = 2147483647;
			files = (
				56C72E3A18A72E01002C0F0C /* TwextTests.m in Sources */,
			);
			runOnlyForDeploymentPostprocessing = 0;
		};
/* End PBXSourcesBuildPhase section */

/* Begin PBXTargetDependency section */
		56C72E3218A72E01002C0F0C /* PBXTargetDependency */ = {
			isa = PBXTargetDependency;
			target = 56C72E0A18A72E01002C0F0C /* Twild */;
			targetProxy = 56C72E3118A72E01002C0F0C /* PBXContainerItemProxy */;
		};
/* End PBXTargetDependency section */

/* Begin PBXVariantGroup section */
		56C72E1718A72E01002C0F0C /* InfoPlist.strings */ = {
			isa = PBXVariantGroup;
			children = (
				56C72E1818A72E01002C0F0C /* en */,
			);
			name = InfoPlist.strings;
			sourceTree = "<group>";
		};
		56C72E2018A72E01002C0F0C /* Main.storyboard */ = {
			isa = PBXVariantGroup;
			children = (
				56C72E2118A72E01002C0F0C /* Base */,
			);
			name = Main.storyboard;
			sourceTree = "<group>";
		};
		56C72E3618A72E01002C0F0C /* InfoPlist.strings */ = {
			isa = PBXVariantGroup;
			children = (
				56C72E3718A72E01002C0F0C /* en */,
			);
			name = InfoPlist.strings;
			sourceTree = "<group>";
		};
/* End PBXVariantGroup section */

/* Begin XCBuildConfiguration section */
		56C72E3B18A72E01002C0F0C /* Debug */ = {
			isa = XCBuildConfiguration;
			buildSettings = {
				ALWAYS_SEARCH_USER_PATHS = NO;
				ARCHS = "$(ARCHS_STANDARD_INCLUDING_64_BIT)";
				CLANG_CXX_LANGUAGE_STANDARD = "gnu++0x";
				CLANG_CXX_LIBRARY = "libc++";
				CLANG_ENABLE_MODULES = YES;
				CLANG_ENABLE_OBJC_ARC = YES;
				CLANG_WARN_BOOL_CONVERSION = YES;
				CLANG_WARN_CONSTANT_CONVERSION = YES;
				CLANG_WARN_DIRECT_OBJC_ISA_USAGE = YES_ERROR;
				CLANG_WARN_EMPTY_BODY = YES;
				CLANG_WARN_ENUM_CONVERSION = YES;
				CLANG_WARN_INT_CONVERSION = YES;
				CLANG_WARN_OBJC_ROOT_CLASS = YES_ERROR;
				CLANG_WARN__DUPLICATE_METHOD_MATCH = YES;
				"CODE_SIGN_IDENTITY[sdk=iphoneos*]" = "iPhone Developer";
				COPY_PHASE_STRIP = NO;
				GCC_C_LANGUAGE_STANDARD = gnu99;
				GCC_DYNAMIC_NO_PIC = NO;
				GCC_OPTIMIZATION_LEVEL = 0;
				GCC_PREPROCESSOR_DEFINITIONS = (
					"DEBUG=1",
					"$(inherited)",
				);
				GCC_SYMBOLS_PRIVATE_EXTERN = NO;
				GCC_WARN_64_TO_32_BIT_CONVERSION = YES;
				GCC_WARN_ABOUT_RETURN_TYPE = YES_ERROR;
				GCC_WARN_UNDECLARED_SELECTOR = YES;
				GCC_WARN_UNINITIALIZED_AUTOS = YES;
				GCC_WARN_UNUSED_FUNCTION = YES;
				GCC_WARN_UNUSED_VARIABLE = YES;
				IPHONEOS_DEPLOYMENT_TARGET = 7.0;
				ONLY_ACTIVE_ARCH = YES;
				SDKROOT = iphoneos;
			};
			name = Debug;
		};
		56C72E3C18A72E01002C0F0C /* Release */ = {
			isa = XCBuildConfiguration;
			buildSettings = {
				ALWAYS_SEARCH_USER_PATHS = NO;
				ARCHS = "$(ARCHS_STANDARD_INCLUDING_64_BIT)";
				CLANG_CXX_LANGUAGE_STANDARD = "gnu++0x";
				CLANG_CXX_LIBRARY = "libc++";
				CLANG_ENABLE_MODULES = YES;
				CLANG_ENABLE_OBJC_ARC = YES;
				CLANG_WARN_BOOL_CONVERSION = YES;
				CLANG_WARN_CONSTANT_CONVERSION = YES;
				CLANG_WARN_DIRECT_OBJC_ISA_USAGE = YES_ERROR;
				CLANG_WARN_EMPTY_BODY = YES;
				CLANG_WARN_ENUM_CONVERSION = YES;
				CLANG_WARN_INT_CONVERSION = YES;
				CLANG_WARN_OBJC_ROOT_CLASS = YES_ERROR;
				CLANG_WARN__DUPLICATE_METHOD_MATCH = YES;
				"CODE_SIGN_IDENTITY[sdk=iphoneos*]" = "iPhone Developer";
				COPY_PHASE_STRIP = YES;
				ENABLE_NS_ASSERTIONS = NO;
				GCC_C_LANGUAGE_STANDARD = gnu99;
				GCC_WARN_64_TO_32_BIT_CONVERSION = YES;
				GCC_WARN_ABOUT_RETURN_TYPE = YES_ERROR;
				GCC_WARN_UNDECLARED_SELECTOR = YES;
				GCC_WARN_UNINITIALIZED_AUTOS = YES;
				GCC_WARN_UNUSED_FUNCTION = YES;
				GCC_WARN_UNUSED_VARIABLE = YES;
				IPHONEOS_DEPLOYMENT_TARGET = 7.0;
				SDKROOT = iphoneos;
				VALIDATE_PRODUCT = YES;
			};
			name = Release;
		};
		56C72E3E18A72E01002C0F0C /* Debug */ = {
			isa = XCBuildConfiguration;
			buildSettings = {
				ASSETCATALOG_COMPILER_APPICON_NAME = AppIcon;
				ASSETCATALOG_COMPILER_LAUNCHIMAGE_NAME = LaunchImage;
				GCC_PRECOMPILE_PREFIX_HEADER = YES;
				GCC_PREFIX_HEADER = "Twext/Twild-Prefix.pch";
				INFOPLIST_FILE = "Twext/Twild-Info.plist";
				PRODUCT_NAME = Twild;
				WRAPPER_EXTENSION = app;
			};
			name = Debug;
		};
		56C72E3F18A72E01002C0F0C /* Release */ = {
			isa = XCBuildConfiguration;
			buildSettings = {
				ASSETCATALOG_COMPILER_APPICON_NAME = AppIcon;
				ASSETCATALOG_COMPILER_LAUNCHIMAGE_NAME = LaunchImage;
				GCC_PRECOMPILE_PREFIX_HEADER = YES;
				GCC_PREFIX_HEADER = "Twext/Twild-Prefix.pch";
				INFOPLIST_FILE = "Twext/Twild-Info.plist";
				PRODUCT_NAME = Twild;
				WRAPPER_EXTENSION = app;
			};
			name = Release;
		};
		56C72E4118A72E01002C0F0C /* Debug */ = {
			isa = XCBuildConfiguration;
			buildSettings = {
				ARCHS = "$(ARCHS_STANDARD_INCLUDING_64_BIT)";
				BUNDLE_LOADER = "$(BUILT_PRODUCTS_DIR)/Twext.app/Twext";
				FRAMEWORK_SEARCH_PATHS = (
					"$(SDKROOT)/Developer/Library/Frameworks",
					"$(inherited)",
					"$(DEVELOPER_FRAMEWORKS_DIR)",
				);
				GCC_PRECOMPILE_PREFIX_HEADER = YES;
				GCC_PREFIX_HEADER = "Twext/Twext-Prefix.pch";
				GCC_PREPROCESSOR_DEFINITIONS = (
					"DEBUG=1",
					"$(inherited)",
				);
				INFOPLIST_FILE = "TwextTests/TwildTests-Info.plist";
				PRODUCT_NAME = TwildTests;
				TEST_HOST = "$(BUNDLE_LOADER)";
				WRAPPER_EXTENSION = xctest;
			};
			name = Debug;
		};
		56C72E4218A72E01002C0F0C /* Release */ = {
			isa = XCBuildConfiguration;
			buildSettings = {
				ARCHS = "$(ARCHS_STANDARD_INCLUDING_64_BIT)";
				BUNDLE_LOADER = "$(BUILT_PRODUCTS_DIR)/Twext.app/Twext";
				FRAMEWORK_SEARCH_PATHS = (
					"$(SDKROOT)/Developer/Library/Frameworks",
					"$(inherited)",
					"$(DEVELOPER_FRAMEWORKS_DIR)",
				);
				GCC_PRECOMPILE_PREFIX_HEADER = YES;
				GCC_PREFIX_HEADER = "Twext/Twext-Prefix.pch";
				INFOPLIST_FILE = "TwextTests/TwildTests-Info.plist";
				PRODUCT_NAME = TwildTests;
				TEST_HOST = "$(BUNDLE_LOADER)";
				WRAPPER_EXTENSION = xctest;
			};
			name = Release;
		};
/* End XCBuildConfiguration section */

/* Begin XCConfigurationList section */
		56C72E0618A72E01002C0F0C /* Build configuration list for PBXProject "Twild" */ = {
			isa = XCConfigurationList;
			buildConfigurations = (
				56C72E3B18A72E01002C0F0C /* Debug */,
				56C72E3C18A72E01002C0F0C /* Release */,
			);
			defaultConfigurationIsVisible = 0;
			defaultConfigurationName = Release;
		};
		56C72E3D18A72E01002C0F0C /* Build configuration list for PBXNativeTarget "Twild" */ = {
			isa = XCConfigurationList;
			buildConfigurations = (
				56C72E3E18A72E01002C0F0C /* Debug */,
				56C72E3F18A72E01002C0F0C /* Release */,
			);
			defaultConfigurationIsVisible = 0;
			defaultConfigurationName = Release;
		};
		56C72E4018A72E01002C0F0C /* Build configuration list for PBXNativeTarget "TwildTests" */ = {
			isa = XCConfigurationList;
			buildConfigurations = (
				56C72E4118A72E01002C0F0C /* Debug */,
				56C72E4218A72E01002C0F0C /* Release */,
			);
			defaultConfigurationIsVisible = 0;
			defaultConfigurationName = Release;
		};
/* End XCConfigurationList section */
	};
	rootObject = 56C72E0318A72E01002C0F0C /* Project object */;
}
